
Microsoft Visual Studio Solution File, Format Version 12.00
# Visual Studio Version 16
VisualStudioVersion = 16.0.29306.81
MinimumVisualStudioVersion = 10.0.40219.1
Project("{9A19103F-16F7-4668-BE54-9A1E7A4F7556}") = "ControlStrings", "ControlStrings\ControlStrings.csproj", "{16FBBE5B-E096-4DC0-B158-E7E3B1E4BB6C}"
EndProject
Project("{9A19103F-16F7-4668-BE54-9A1E7A4F7556}") = "Runner", "Runner\Runner.csproj", "{84A6DFEC-9FF5-4E62-8993-AF3A156011AD}"
EndProject
Project("{FAE04EC0-301F-11D3-BF4B-00C04F79EFBC}") = "UnitTests", "Unit Tests\UnitTests.csproj", "{14D0A14E-F665-4508-891F-3549DB5EB466}"
EndProject
Global
	GlobalSection(SolutionConfigurationPlatforms) = preSolution
		Debug|Any CPU = Debug|Any CPU
		Release|Any CPU = Release|Any CPU
	EndGlobalSection
	GlobalSection(ProjectConfigurationPlatforms) = postSolution
		{16FBBE5B-E096-4DC0-B158-E7E3B1E4BB6C}.Debug|Any CPU.ActiveCfg = Debug|Any CPU
		{16FBBE5B-E096-4DC0-B158-E7E3B1E4BB6C}.Debug|Any CPU.Build.0 = Debug|Any CPU
		{16FBBE5B-E096-4DC0-B158-E7E3B1E4BB6C}.Release|Any CPU.ActiveCfg = Release|Any CPU
		{16FBBE5B-E096-4DC0-B158-E7E3B1E4BB6C}.Release|Any CPU.Build.0 = Release|Any CPU
		{84A6DFEC-9FF5-4E62-8993-AF3A156011AD}.Debug|Any CPU.ActiveCfg = Debug|Any CPU
		{84A6DFEC-9FF5-4E62-8993-AF3A156011AD}.Debug|Any CPU.Build.0 = Debug|Any CPU
		{84A6DFEC-9FF5-4E62-8993-AF3A156011AD}.Release|Any CPU.ActiveCfg = Release|Any CPU
		{84A6DFEC-9FF5-4E62-8993-AF3A156011AD}.Release|Any CPU.Build.0 = Release|Any CPU
		{14D0A14E-F665-4508-891F-3549DB5EB466}.Debug|Any CPU.ActiveCfg = Debug|Any CPU
		{14D0A14E-F665-4508-891F-3549DB5EB466}.Debug|Any CPU.Build.0 = Debug|Any CPU
		{14D0A14E-F665-4508-891F-3549DB5EB466}.Release|Any CPU.ActiveCfg = Release|Any CPU
		{14D0A14E-F665-4508-891F-3549DB5EB466}.Release|Any CPU.Build.0 = Release|Any CPU
	EndGlobalSection
	GlobalSection(SolutionProperties) = preSolution
		HideSolutionNode = FALSE
	EndGlobalSection
	GlobalSection(ExtensibilityGlobals) = postSolution
		SolutionGuid = {5136A571-F413-4369-9744-8E2973D0DA69}
	EndGlobalSection
EndGlobal
